// !$*UTF8*$!
{
	archiveVersion = 1;
	classes = {
	};
	objectVersion = 46;
	objects = {

/* Begin PBXBuildFile section */
		6C1E6BF81C542DF8006C5C50 /* MuscleGroupCollectionViewController.swift in Sources */ = {isa = PBXBuildFile; fileRef = 6C1E6BF71C542DF8006C5C50 /* MuscleGroupCollectionViewController.swift */; };
		6C1E6BFA1C542DFF006C5C50 /* MuscleGroupsCollectionViewCell.swift in Sources */ = {isa = PBXBuildFile; fileRef = 6C1E6BF91C542DFF006C5C50 /* MuscleGroupsCollectionViewCell.swift */; };
		6C1E6BFC1C542E0B006C5C50 /* WorkoutListTableViewCell.swift in Sources */ = {isa = PBXBuildFile; fileRef = 6C1E6BFB1C542E0B006C5C50 /* WorkoutListTableViewCell.swift */; };
		6C1E6C001C542E49006C5C50 /* WorkoutListTableViewController.swift in Sources */ = {isa = PBXBuildFile; fileRef = 6C1E6BFF1C542E49006C5C50 /* WorkoutListTableViewController.swift */; };
		6C1E6C051C542E97006C5C50 /* Main.storyboard in Resources */ = {isa = PBXBuildFile; fileRef = 6C1E6C031C542E97006C5C50 /* Main.storyboard */; };
		6C1E6C071C543268006C5C50 /* SetRepsTableViewController.swift in Sources */ = {isa = PBXBuildFile; fileRef = 6C1E6C061C543268006C5C50 /* SetRepsTableViewController.swift */; };
		6C1E6C091C54349C006C5C50 /* setRepsTableViewCell.swift in Sources */ = {isa = PBXBuildFile; fileRef = 6C1E6C081C54349C006C5C50 /* setRepsTableViewCell.swift */; };
		A996AA411C53C60B00C4432E /* AppDelegate.swift in Sources */ = {isa = PBXBuildFile; fileRef = A996AA401C53C60B00C4432E /* AppDelegate.swift */; };
		A996AA431C53C60B00C4432E /* ViewController.swift in Sources */ = {isa = PBXBuildFile; fileRef = A996AA421C53C60B00C4432E /* ViewController.swift */; };
		A996AA491C53C60B00C4432E /* Myo_Gainz.xcdatamodeld in Sources */ = {isa = PBXBuildFile; fileRef = A996AA471C53C60B00C4432E /* Myo_Gainz.xcdatamodeld */; };
		A996AA4B1C53C60B00C4432E /* Assets.xcassets in Resources */ = {isa = PBXBuildFile; fileRef = A996AA4A1C53C60B00C4432E /* Assets.xcassets */; };
		A996AA4E1C53C60B00C4432E /* LaunchScreen.storyboard in Resources */ = {isa = PBXBuildFile; fileRef = A996AA4C1C53C60B00C4432E /* LaunchScreen.storyboard */; };
		A996AA591C53C60B00C4432E /* Myo_GainzTests.swift in Sources */ = {isa = PBXBuildFile; fileRef = A996AA581C53C60B00C4432E /* Myo_GainzTests.swift */; };
		A996AA641C53C60B00C4432E /* Myo_GainzUITests.swift in Sources */ = {isa = PBXBuildFile; fileRef = A996AA631C53C60B00C4432E /* Myo_GainzUITests.swift */; };
		A996AA721C53C62900C4432E /* MyoKit.framework in Frameworks */ = {isa = PBXBuildFile; fileRef = A996AA711C53C62900C4432E /* MyoKit.framework */; };
		A996AA751C53C83000C4432E /* CoreBluetooth.framework in Frameworks */ = {isa = PBXBuildFile; fileRef = A996AA741C53C83000C4432E /* CoreBluetooth.framework */; };
		A996AA771C53C83600C4432E /* SystemConfiguration.framework in Frameworks */ = {isa = PBXBuildFile; fileRef = A996AA761C53C83600C4432E /* SystemConfiguration.framework */; };
		A996AA781C53C83B00C4432E /* MyoKit.framework in Resources */ = {isa = PBXBuildFile; fileRef = A996AA711C53C62900C4432E /* MyoKit.framework */; };
		A996AA7E1C54181700C4432E /* Press.swift in Sources */ = {isa = PBXBuildFile; fileRef = A996AA7D1C54181700C4432E /* Press.swift */; };
/* End PBXBuildFile section */

/* Begin PBXContainerItemProxy section */
		A996AA551C53C60B00C4432E /* PBXContainerItemProxy */ = {
			isa = PBXContainerItemProxy;
			containerPortal = A996AA351C53C60B00C4432E /* Project object */;
			proxyType = 1;
			remoteGlobalIDString = A996AA3C1C53C60B00C4432E;
			remoteInfo = "Myo Gainz";
		};
		A996AA601C53C60B00C4432E /* PBXContainerItemProxy */ = {
			isa = PBXContainerItemProxy;
			containerPortal = A996AA351C53C60B00C4432E /* Project object */;
			proxyType = 1;
			remoteGlobalIDString = A996AA3C1C53C60B00C4432E;
			remoteInfo = "Myo Gainz";
		};
/* End PBXContainerItemProxy section */

/* Begin PBXFileReference section */
		6C1E6BF71C542DF8006C5C50 /* MuscleGroupCollectionViewController.swift */ = {isa = PBXFileReference; fileEncoding = 4; lastKnownFileType = sourcecode.swift; path = MuscleGroupCollectionViewController.swift; sourceTree = "<group>"; };
		6C1E6BF91C542DFF006C5C50 /* MuscleGroupsCollectionViewCell.swift */ = {isa = PBXFileReference; fileEncoding = 4; lastKnownFileType = sourcecode.swift; path = MuscleGroupsCollectionViewCell.swift; sourceTree = "<group>"; };
		6C1E6BFB1C542E0B006C5C50 /* WorkoutListTableViewCell.swift */ = {isa = PBXFileReference; fileEncoding = 4; lastKnownFileType = sourcecode.swift; path = WorkoutListTableViewCell.swift; sourceTree = "<group>"; };
		6C1E6BFF1C542E49006C5C50 /* WorkoutListTableViewController.swift */ = {isa = PBXFileReference; fileEncoding = 4; lastKnownFileType = sourcecode.swift; path = WorkoutListTableViewController.swift; sourceTree = "<group>"; };
		6C1E6C041C542E97006C5C50 /* Base */ = {isa = PBXFileReference; lastKnownFileType = file.storyboard; name = Base; path = Base.lproj/Main.storyboard; sourceTree = "<group>"; };
		6C1E6C061C543268006C5C50 /* SetRepsTableViewController.swift */ = {isa = PBXFileReference; fileEncoding = 4; lastKnownFileType = sourcecode.swift; path = SetRepsTableViewController.swift; sourceTree = "<group>"; };
		6C1E6C081C54349C006C5C50 /* setRepsTableViewCell.swift */ = {isa = PBXFileReference; fileEncoding = 4; lastKnownFileType = sourcecode.swift; path = setRepsTableViewCell.swift; sourceTree = "<group>"; };
		A996AA3D1C53C60B00C4432E /* Myo Gainz.app */ = {isa = PBXFileReference; explicitFileType = wrapper.application; includeInIndex = 0; path = "Myo Gainz.app"; sourceTree = BUILT_PRODUCTS_DIR; };
		A996AA401C53C60B00C4432E /* AppDelegate.swift */ = {isa = PBXFileReference; lastKnownFileType = sourcecode.swift; path = AppDelegate.swift; sourceTree = "<group>"; };
		A996AA421C53C60B00C4432E /* ViewController.swift */ = {isa = PBXFileReference; lastKnownFileType = sourcecode.swift; path = ViewController.swift; sourceTree = "<group>"; };
		A996AA481C53C60B00C4432E /* Myo_Gainz.xcdatamodel */ = {isa = PBXFileReference; lastKnownFileType = wrapper.xcdatamodel; path = Myo_Gainz.xcdatamodel; sourceTree = "<group>"; };
		A996AA4A1C53C60B00C4432E /* Assets.xcassets */ = {isa = PBXFileReference; lastKnownFileType = folder.assetcatalog; path = Assets.xcassets; sourceTree = "<group>"; };
		A996AA4D1C53C60B00C4432E /* Base */ = {isa = PBXFileReference; lastKnownFileType = file.storyboard; name = Base; path = Base.lproj/LaunchScreen.storyboard; sourceTree = "<group>"; };
		A996AA4F1C53C60B00C4432E /* Info.plist */ = {isa = PBXFileReference; lastKnownFileType = text.plist.xml; path = Info.plist; sourceTree = "<group>"; };
		A996AA541C53C60B00C4432E /* Myo GainzTests.xctest */ = {isa = PBXFileReference; explicitFileType = wrapper.cfbundle; includeInIndex = 0; path = "Myo GainzTests.xctest"; sourceTree = BUILT_PRODUCTS_DIR; };
		A996AA581C53C60B00C4432E /* Myo_GainzTests.swift */ = {isa = PBXFileReference; lastKnownFileType = sourcecode.swift; path = Myo_GainzTests.swift; sourceTree = "<group>"; };
		A996AA5A1C53C60B00C4432E /* Info.plist */ = {isa = PBXFileReference; lastKnownFileType = text.plist.xml; path = Info.plist; sourceTree = "<group>"; };
		A996AA5F1C53C60B00C4432E /* Myo GainzUITests.xctest */ = {isa = PBXFileReference; explicitFileType = wrapper.cfbundle; includeInIndex = 0; path = "Myo GainzUITests.xctest"; sourceTree = BUILT_PRODUCTS_DIR; };
		A996AA631C53C60B00C4432E /* Myo_GainzUITests.swift */ = {isa = PBXFileReference; lastKnownFileType = sourcecode.swift; path = Myo_GainzUITests.swift; sourceTree = "<group>"; };
		A996AA651C53C60B00C4432E /* Info.plist */ = {isa = PBXFileReference; lastKnownFileType = text.plist.xml; path = Info.plist; sourceTree = "<group>"; };
		A996AA711C53C62900C4432E /* MyoKit.framework */ = {isa = PBXFileReference; lastKnownFileType = wrapper.framework; path = MyoKit.framework; sourceTree = "<group>"; };
		A996AA731C53C65900C4432E /* <Myo Gainz>-Bridging-Header.h */ = {isa = PBXFileReference; fileEncoding = 4; lastKnownFileType = sourcecode.c.h; path = "<Myo Gainz>-Bridging-Header.h"; sourceTree = "<group>"; };
		A996AA741C53C83000C4432E /* CoreBluetooth.framework */ = {isa = PBXFileReference; lastKnownFileType = wrapper.framework; name = CoreBluetooth.framework; path = System/Library/Frameworks/CoreBluetooth.framework; sourceTree = SDKROOT; };
		A996AA761C53C83600C4432E /* SystemConfiguration.framework */ = {isa = PBXFileReference; lastKnownFileType = wrapper.framework; name = SystemConfiguration.framework; path = System/Library/Frameworks/SystemConfiguration.framework; sourceTree = SDKROOT; };
		A996AA7D1C54181700C4432E /* Press.swift */ = {isa = PBXFileReference; fileEncoding = 4; lastKnownFileType = sourcecode.swift; path = Press.swift; sourceTree = "<group>"; };
/* End PBXFileReference section */

/* Begin PBXFrameworksBuildPhase section */
		A996AA3A1C53C60B00C4432E /* Frameworks */ = {
			isa = PBXFrameworksBuildPhase;
			buildActionMask = 2147483647;
			files = (
				A996AA771C53C83600C4432E /* SystemConfiguration.framework in Frameworks */,
				A996AA751C53C83000C4432E /* CoreBluetooth.framework in Frameworks */,
				A996AA721C53C62900C4432E /* MyoKit.framework in Frameworks */,
			);
			runOnlyForDeploymentPostprocessing = 0;
		};
		A996AA511C53C60B00C4432E /* Frameworks */ = {
			isa = PBXFrameworksBuildPhase;
			buildActionMask = 2147483647;
			files = (
			);
			runOnlyForDeploymentPostprocessing = 0;
		};
		A996AA5C1C53C60B00C4432E /* Frameworks */ = {
			isa = PBXFrameworksBuildPhase;
			buildActionMask = 2147483647;
			files = (
			);
			runOnlyForDeploymentPostprocessing = 0;
		};
/* End PBXFrameworksBuildPhase section */

/* Begin PBXGroup section */
		A996AA341C53C60B00C4432E = {
			isa = PBXGroup;
			children = (
				A996AA731C53C65900C4432E /* <Myo Gainz>-Bridging-Header.h */,
				A996AA761C53C83600C4432E /* SystemConfiguration.framework */,
				A996AA741C53C83000C4432E /* CoreBluetooth.framework */,
				A996AA711C53C62900C4432E /* MyoKit.framework */,
				A996AA3F1C53C60B00C4432E /* Myo Gainz */,
				A996AA571C53C60B00C4432E /* Myo GainzTests */,
				A996AA621C53C60B00C4432E /* Myo GainzUITests */,
				A996AA3E1C53C60B00C4432E /* Products */,
			);
			sourceTree = "<group>";
		};
		A996AA3E1C53C60B00C4432E /* Products */ = {
			isa = PBXGroup;
			children = (
				A996AA3D1C53C60B00C4432E /* Myo Gainz.app */,
				A996AA541C53C60B00C4432E /* Myo GainzTests.xctest */,
				A996AA5F1C53C60B00C4432E /* Myo GainzUITests.xctest */,
			);
			name = Products;
			sourceTree = "<group>";
		};
		A996AA3F1C53C60B00C4432E /* Myo Gainz */ = {
			isa = PBXGroup;
			children = (
				A996AA401C53C60B00C4432E /* AppDelegate.swift */,
				A996AA421C53C60B00C4432E /* ViewController.swift */,
				6C1E6BF91C542DFF006C5C50 /* MuscleGroupsCollectionViewCell.swift */,
				6C1E6BF71C542DF8006C5C50 /* MuscleGroupCollectionViewController.swift */,
				6C1E6C031C542E97006C5C50 /* Main.storyboard */,
				6C1E6BFF1C542E49006C5C50 /* WorkoutListTableViewController.swift */,
				6C1E6C081C54349C006C5C50 /* setRepsTableViewCell.swift */,
				6C1E6C061C543268006C5C50 /* SetRepsTableViewController.swift */,
				6C1E6BFB1C542E0B006C5C50 /* WorkoutListTableViewCell.swift */,
				A996AA7D1C54181700C4432E /* Press.swift */,
				A996AA4A1C53C60B00C4432E /* Assets.xcassets */,
				A996AA4C1C53C60B00C4432E /* LaunchScreen.storyboard */,
				A996AA4F1C53C60B00C4432E /* Info.plist */,
				A996AA471C53C60B00C4432E /* Myo_Gainz.xcdatamodeld */,
			);
			path = "Myo Gainz";
			sourceTree = "<group>";
		};
		A996AA571C53C60B00C4432E /* Myo GainzTests */ = {
			isa = PBXGroup;
			children = (
				A996AA581C53C60B00C4432E /* Myo_GainzTests.swift */,
				A996AA5A1C53C60B00C4432E /* Info.plist */,
			);
			path = "Myo GainzTests";
			sourceTree = "<group>";
		};
		A996AA621C53C60B00C4432E /* Myo GainzUITests */ = {
			isa = PBXGroup;
			children = (
				A996AA631C53C60B00C4432E /* Myo_GainzUITests.swift */,
				A996AA651C53C60B00C4432E /* Info.plist */,
			);
			path = "Myo GainzUITests";
			sourceTree = "<group>";
		};
/* End PBXGroup section */

/* Begin PBXNativeTarget section */
		A996AA3C1C53C60B00C4432E /* Myo Gainz */ = {
			isa = PBXNativeTarget;
			buildConfigurationList = A996AA681C53C60B00C4432E /* Build configuration list for PBXNativeTarget "Myo Gainz" */;
			buildPhases = (
				A996AA391C53C60B00C4432E /* Sources */,
				A996AA3A1C53C60B00C4432E /* Frameworks */,
				A996AA3B1C53C60B00C4432E /* Resources */,
			);
			buildRules = (
			);
			dependencies = (
			);
			name = "Myo Gainz";
			productName = "Myo Gainz";
			productReference = A996AA3D1C53C60B00C4432E /* Myo Gainz.app */;
			productType = "com.apple.product-type.application";
		};
		A996AA531C53C60B00C4432E /* Myo GainzTests */ = {
			isa = PBXNativeTarget;
			buildConfigurationList = A996AA6B1C53C60B00C4432E /* Build configuration list for PBXNativeTarget "Myo GainzTests" */;
			buildPhases = (
				A996AA501C53C60B00C4432E /* Sources */,
				A996AA511C53C60B00C4432E /* Frameworks */,
				A996AA521C53C60B00C4432E /* Resources */,
			);
			buildRules = (
			);
			dependencies = (
				A996AA561C53C60B00C4432E /* PBXTargetDependency */,
			);
			name = "Myo GainzTests";
			productName = "Myo GainzTests";
			productReference = A996AA541C53C60B00C4432E /* Myo GainzTests.xctest */;
			productType = "com.apple.product-type.bundle.unit-test";
		};
		A996AA5E1C53C60B00C4432E /* Myo GainzUITests */ = {
			isa = PBXNativeTarget;
			buildConfigurationList = A996AA6E1C53C60B00C4432E /* Build configuration list for PBXNativeTarget "Myo GainzUITests" */;
			buildPhases = (
				A996AA5B1C53C60B00C4432E /* Sources */,
				A996AA5C1C53C60B00C4432E /* Frameworks */,
				A996AA5D1C53C60B00C4432E /* Resources */,
			);
			buildRules = (
			);
			dependencies = (
				A996AA611C53C60B00C4432E /* PBXTargetDependency */,
			);
			name = "Myo GainzUITests";
			productName = "Myo GainzUITests";
			productReference = A996AA5F1C53C60B00C4432E /* Myo GainzUITests.xctest */;
			productType = "com.apple.product-type.bundle.ui-testing";
		};
/* End PBXNativeTarget section */

/* Begin PBXProject section */
		A996AA351C53C60B00C4432E /* Project object */ = {
			isa = PBXProject;
			attributes = {
				LastSwiftUpdateCheck = 0720;
				LastUpgradeCheck = 0720;
				ORGANIZATIONNAME = "Myo Something";
				TargetAttributes = {
					A996AA3C1C53C60B00C4432E = {
						CreatedOnToolsVersion = 7.2;
						DevelopmentTeam = 4VYB7XXY46;
					};
					A996AA531C53C60B00C4432E = {
						CreatedOnToolsVersion = 7.2;
						TestTargetID = A996AA3C1C53C60B00C4432E;
					};
					A996AA5E1C53C60B00C4432E = {
						CreatedOnToolsVersion = 7.2;
						TestTargetID = A996AA3C1C53C60B00C4432E;
					};
				};
			};
			buildConfigurationList = A996AA381C53C60B00C4432E /* Build configuration list for PBXProject "Myo Gainz" */;
			compatibilityVersion = "Xcode 3.2";
			developmentRegion = English;
			hasScannedForEncodings = 0;
			knownRegions = (
				en,
				Base,
			);
			mainGroup = A996AA341C53C60B00C4432E;
			productRefGroup = A996AA3E1C53C60B00C4432E /* Products */;
			projectDirPath = "";
			projectRoot = "";
			targets = (
				A996AA3C1C53C60B00C4432E /* Myo Gainz */,
				A996AA531C53C60B00C4432E /* Myo GainzTests */,
				A996AA5E1C53C60B00C4432E /* Myo GainzUITests */,
			);
		};
/* End PBXProject section */

/* Begin PBXResourcesBuildPhase section */
		A996AA3B1C53C60B00C4432E /* Resources */ = {
			isa = PBXResourcesBuildPhase;
			buildActionMask = 2147483647;
			files = (
				A996AA781C53C83B00C4432E /* MyoKit.framework in Resources */,
				A996AA4E1C53C60B00C4432E /* LaunchScreen.storyboard in Resources */,
				A996AA4B1C53C60B00C4432E /* Assets.xcassets in Resources */,
				6C1E6C051C542E97006C5C50 /* Main.storyboard in Resources */,
			);
			runOnlyForDeploymentPostprocessing = 0;
		};
		A996AA521C53C60B00C4432E /* Resources */ = {
			isa = PBXResourcesBuildPhase;
			buildActionMask = 2147483647;
			files = (
			);
			runOnlyForDeploymentPostprocessing = 0;
		};
		A996AA5D1C53C60B00C4432E /* Resources */ = {
			isa = PBXResourcesBuildPhase;
			buildActionMask = 2147483647;
			files = (
			);
			runOnlyForDeploymentPostprocessing = 0;
		};
/* End PBXResourcesBuildPhase section */

/* Begin PBXSourcesBuildPhase section */
		A996AA391C53C60B00C4432E /* Sources */ = {
			isa = PBXSourcesBuildPhase;
			buildActionMask = 2147483647;
			files = (
				A996AA491C53C60B00C4432E /* Myo_Gainz.xcdatamodeld in Sources */,
				6C1E6BF81C542DF8006C5C50 /* MuscleGroupCollectionViewController.swift in Sources */,
				A996AA7E1C54181700C4432E /* Press.swift in Sources */,
				6C1E6BFC1C542E0B006C5C50 /* WorkoutListTableViewCell.swift in Sources */,
				6C1E6C071C543268006C5C50 /* SetRepsTableViewController.swift in Sources */,
				6C1E6BFA1C542DFF006C5C50 /* MuscleGroupsCollectionViewCell.swift in Sources */,
				6C1E6C091C54349C006C5C50 /* setRepsTableViewCell.swift in Sources */,
				6C1E6C001C542E49006C5C50 /* WorkoutListTableViewController.swift in Sources */,
				A996AA431C53C60B00C4432E /* ViewController.swift in Sources */,
				A996AA411C53C60B00C4432E /* AppDelegate.swift in Sources */,
			);
			runOnlyForDeploymentPostprocessing = 0;
		};
		A996AA501C53C60B00C4432E /* Sources */ = {
			isa = PBXSourcesBuildPhase;
			buildActionMask = 2147483647;
			files = (
				A996AA591C53C60B00C4432E /* Myo_GainzTests.swift in Sources */,
			);
			runOnlyForDeploymentPostprocessing = 0;
		};
		A996AA5B1C53C60B00C4432E /* Sources */ = {
			isa = PBXSourcesBuildPhase;
			buildActionMask = 2147483647;
			files = (
				A996AA641C53C60B00C4432E /* Myo_GainzUITests.swift in Sources */,
			);
			runOnlyForDeploymentPostprocessing = 0;
		};
/* End PBXSourcesBuildPhase section */

/* Begin PBXTargetDependency section */
		A996AA561C53C60B00C4432E /* PBXTargetDependency */ = {
			isa = PBXTargetDependency;
			target = A996AA3C1C53C60B00C4432E /* Myo Gainz */;
			targetProxy = A996AA551C53C60B00C4432E /* PBXContainerItemProxy */;
		};
		A996AA611C53C60B00C4432E /* PBXTargetDependency */ = {
			isa = PBXTargetDependency;
			target = A996AA3C1C53C60B00C4432E /* Myo Gainz */;
			targetProxy = A996AA601C53C60B00C4432E /* PBXContainerItemProxy */;
		};
/* End PBXTargetDependency section */

/* Begin PBXVariantGroup section */
		6C1E6C031C542E97006C5C50 /* Main.storyboard */ = {
			isa = PBXVariantGroup;
			children = (
				6C1E6C041C542E97006C5C50 /* Base */,
			);
			name = Main.storyboard;
			sourceTree = "<group>";
		};
		A996AA4C1C53C60B00C4432E /* LaunchScreen.storyboard */ = {
			isa = PBXVariantGroup;
			children = (
				A996AA4D1C53C60B00C4432E /* Base */,
			);
			name = LaunchScreen.storyboard;
			sourceTree = "<group>";
		};
/* End PBXVariantGroup section */

/* Begin XCBuildConfiguration section */
		A996AA661C53C60B00C4432E /* Debug */ = {
			isa = XCBuildConfiguration;
			buildSettings = {
				ALWAYS_SEARCH_USER_PATHS = NO;
				CLANG_CXX_LANGUAGE_STANDARD = "gnu++0x";
				CLANG_CXX_LIBRARY = "libc++";
				CLANG_ENABLE_MODULES = YES;
				CLANG_ENABLE_OBJC_ARC = YES;
				CLANG_WARN_BOOL_CONVERSION = YES;
				CLANG_WARN_CONSTANT_CONVERSION = YES;
				CLANG_WARN_DIRECT_OBJC_ISA_USAGE = YES_ERROR;
				CLANG_WARN_EMPTY_BODY = YES;
				CLANG_WARN_ENUM_CONVERSION = YES;
				CLANG_WARN_INT_CONVERSION = YES;
				CLANG_WARN_OBJC_ROOT_CLASS = YES_ERROR;
				CLANG_WARN_UNREACHABLE_CODE = YES;
				CLANG_WARN__DUPLICATE_METHOD_MATCH = YES;
				"CODE_SIGN_IDENTITY[sdk=iphoneos*]" = "iPhone Developer";
				COPY_PHASE_STRIP = NO;
				DEBUG_INFORMATION_FORMAT = dwarf;
				ENABLE_STRICT_OBJC_MSGSEND = YES;
				ENABLE_TESTABILITY = YES;
				GCC_C_LANGUAGE_STANDARD = gnu99;
				GCC_DYNAMIC_NO_PIC = NO;
				GCC_NO_COMMON_BLOCKS = YES;
				GCC_OPTIMIZATION_LEVEL = 0;
				GCC_PREPROCESSOR_DEFINITIONS = (
					"DEBUG=1",
					"$(inherited)",
				);
				GCC_WARN_64_TO_32_BIT_CONVERSION = YES;
				GCC_WARN_ABOUT_RETURN_TYPE = YES_ERROR;
				GCC_WARN_UNDECLARED_SELECTOR = YES;
				GCC_WARN_UNINITIALIZED_AUTOS = YES_AGGRESSIVE;
				GCC_WARN_UNUSED_FUNCTION = YES;
				GCC_WARN_UNUSED_VARIABLE = YES;
				IPHONEOS_DEPLOYMENT_TARGET = 9.2;
				MTL_ENABLE_DEBUG_INFO = YES;
				ONLY_ACTIVE_ARCH = YES;
				SDKROOT = iphoneos;
				SWIFT_OPTIMIZATION_LEVEL = "-Onone";
				TARGETED_DEVICE_FAMILY = "1,2";
			};
			name = Debug;
		};
		A996AA671C53C60B00C4432E /* Release */ = {
			isa = XCBuildConfiguration;
			buildSettings = {
				ALWAYS_SEARCH_USER_PATHS = NO;
				CLANG_CXX_LANGUAGE_STANDARD = "gnu++0x";
				CLANG_CXX_LIBRARY = "libc++";
				CLANG_ENABLE_MODULES = YES;
				CLANG_ENABLE_OBJC_ARC = YES;
				CLANG_WARN_BOOL_CONVERSION = YES;
				CLANG_WARN_CONSTANT_CONVERSION = YES;
				CLANG_WARN_DIRECT_OBJC_ISA_USAGE = YES_ERROR;
				CLANG_WARN_EMPTY_BODY = YES;
				CLANG_WARN_ENUM_CONVERSION = YES;
				CLANG_WARN_INT_CONVERSION = YES;
				CLANG_WARN_OBJC_ROOT_CLASS = YES_ERROR;
				CLANG_WARN_UNREACHABLE_CODE = YES;
				CLANG_WARN__DUPLICATE_METHOD_MATCH = YES;
				"CODE_SIGN_IDENTITY[sdk=iphoneos*]" = "iPhone Developer";
				COPY_PHASE_STRIP = NO;
				DEBUG_INFORMATION_FORMAT = "dwarf-with-dsym";
				ENABLE_NS_ASSERTIONS = NO;
				ENABLE_STRICT_OBJC_MSGSEND = YES;
				GCC_C_LANGUAGE_STANDARD = gnu99;
				GCC_NO_COMMON_BLOCKS = YES;
				GCC_WARN_64_TO_32_BIT_CONVERSION = YES;
				GCC_WARN_ABOUT_RETURN_TYPE = YES_ERROR;
				GCC_WARN_UNDECLARED_SELECTOR = YES;
				GCC_WARN_UNINITIALIZED_AUTOS = YES_AGGRESSIVE;
				GCC_WARN_UNUSED_FUNCTION = YES;
				GCC_WARN_UNUSED_VARIABLE = YES;
				IPHONEOS_DEPLOYMENT_TARGET = 9.2;
				MTL_ENABLE_DEBUG_INFO = NO;
				SDKROOT = iphoneos;
				TARGETED_DEVICE_FAMILY = "1,2";
				VALIDATE_PRODUCT = YES;
			};
			name = Release;
		};
		A996AA691C53C60B00C4432E /* Debug */ = {
			isa = XCBuildConfiguration;
			buildSettings = {
				ASSETCATALOG_COMPILER_APPICON_NAME = AppIcon;
				CODE_SIGN_IDENTITY = "iPhone Developer";
				"CODE_SIGN_IDENTITY[sdk=iphoneos*]" = "iPhone Developer";
				ENABLE_BITCODE = NO;
				FRAMEWORK_SEARCH_PATHS = (
					"$(inherited)",
					"$(PROJECT_DIR)",
				);
				INFOPLIST_FILE = "Myo Gainz/Info.plist";
				LD_RUNPATH_SEARCH_PATHS = "$(inherited) @executable_path/Frameworks";
				PRODUCT_BUNDLE_IDENTIFIER = "com.Myo-Gainz1";
				PRODUCT_NAME = "$(TARGET_NAME)";
				PROVISIONING_PROFILE = "";
				SWIFT_OBJC_BRIDGING_HEADER = "<Myo Gainz>-Bridging-Header.h";
				TARGETED_DEVICE_FAMILY = 1;
			};
			name = Debug;
		};
		A996AA6A1C53C60B00C4432E /* Release */ = {
			isa = XCBuildConfiguration;
			buildSettings = {
				ASSETCATALOG_COMPILER_APPICON_NAME = AppIcon;
				CODE_SIGN_IDENTITY = "iPhone Developer";
				"CODE_SIGN_IDENTITY[sdk=iphoneos*]" = "iPhone Developer";
				ENABLE_BITCODE = NO;
				FRAMEWORK_SEARCH_PATHS = (
					"$(inherited)",
					"$(PROJECT_DIR)",
				);
				INFOPLIST_FILE = "Myo Gainz/Info.plist";
				LD_RUNPATH_SEARCH_PATHS = "$(inherited) @executable_path/Frameworks";
				PRODUCT_BUNDLE_IDENTIFIER = "com.Myo-Gainz1";
				PRODUCT_NAME = "$(TARGET_NAME)";
				PROVISIONING_PROFILE = "";
				SWIFT_OBJC_BRIDGING_HEADER = "<Myo Gainz>-Bridging-Header.h";
				TARGETED_DEVICE_FAMILY = 1;
			};
			name = Release;
		};
		A996AA6C1C53C60B00C4432E /* Debug */ = {
			isa = XCBuildConfiguration;
			buildSettings = {
				BUNDLE_LOADER = "$(TEST_HOST)";
				INFOPLIST_FILE = "Myo GainzTests/Info.plist";
				LD_RUNPATH_SEARCH_PATHS = "$(inherited) @executable_path/Frameworks @loader_path/Frameworks";
				PRODUCT_BUNDLE_IDENTIFIER = "com.Myo-GainzTests";
				PRODUCT_NAME = "$(TARGET_NAME)";
				TEST_HOST = "$(BUILT_PRODUCTS_DIR)/Myo Gainz.app/Myo Gainz";
			};
			name = Debug;
		};
		A996AA6D1C53C60B00C4432E /* Release */ = {
			isa = XCBuildConfiguration;
			buildSettings = {
				BUNDLE_LOADER = "$(TEST_HOST)";
				INFOPLIST_FILE = "Myo GainzTests/Info.plist";
				LD_RUNPATH_SEARCH_PATHS = "$(inherited) @executable_path/Frameworks @loader_path/Frameworks";
				PRODUCT_BUNDLE_IDENTIFIER = "com.Myo-GainzTests";
				PRODUCT_NAME = "$(TARGET_NAME)";
				TEST_HOST = "$(BUILT_PRODUCTS_DIR)/Myo Gainz.app/Myo Gainz";
			};
			name = Release;
		};
		A996AA6F1C53C60B00C4432E /* Debug */ = {
			isa = XCBuildConfiguration;
			buildSettings = {
				INFOPLIST_FILE = "Myo GainzUITests/Info.plist";
				LD_RUNPATH_SEARCH_PATHS = "$(inherited) @executable_path/Frameworks @loader_path/Frameworks";
				PRODUCT_BUNDLE_IDENTIFIER = "com.Myo-GainzUITests";
				PRODUCT_NAME = "$(TARGET_NAME)";
				TEST_TARGET_NAME = "Myo Gainz";
				USES_XCTRUNNER = YES;
			};
			name = Debug;
		};
		A996AA701C53C60B00C4432E /* Release */ = {
			isa = XCBuildConfiguration;
			buildSettings = {
				INFOPLIST_FILE = "Myo GainzUITests/Info.plist";
				LD_RUNPATH_SEARCH_PATHS = "$(inherited) @executable_path/Frameworks @loader_path/Frameworks";
				PRODUCT_BUNDLE_IDENTIFIER = "com.Myo-GainzUITests";
				PRODUCT_NAME = "$(TARGET_NAME)";
				TEST_TARGET_NAME = "Myo Gainz";
				USES_XCTRUNNER = YES;
			};
			name = Release;
		};
/* End XCBuildConfiguration section */

/* Begin XCConfigurationList section */
		A996AA381C53C60B00C4432E /* Build configuration list for PBXProject "Myo Gainz" */ = {
			isa = XCConfigurationList;
			buildConfigurations = (
				A996AA661C53C60B00C4432E /* Debug */,
				A996AA671C53C60B00C4432E /* Release */,
			);
			defaultConfigurationIsVisible = 0;
			defaultConfigurationName = Release;
		};
		A996AA681C53C60B00C4432E /* Build configuration list for PBXNativeTarget "Myo Gainz" */ = {
			isa = XCConfigurationList;
			buildConfigurations = (
				A996AA691C53C60B00C4432E /* Debug */,
				A996AA6A1C53C60B00C4432E /* Release */,
			);
			defaultConfigurationIsVisible = 0;
			defaultConfigurationName = Release;
		};
		A996AA6B1C53C60B00C4432E /* Build configuration list for PBXNativeTarget "Myo GainzTests" */ = {
			isa = XCConfigurationList;
			buildConfigurations = (
				A996AA6C1C53C60B00C4432E /* Debug */,
				A996AA6D1C53C60B00C4432E /* Release */,
			);
			defaultConfigurationIsVisible = 0;
			defaultConfigurationName = Release;
		};
		A996AA6E1C53C60B00C4432E /* Build configuration list for PBXNativeTarget "Myo GainzUITests" */ = {
			isa = XCConfigurationList;
			buildConfigurations = (
				A996AA6F1C53C60B00C4432E /* Debug */,
				A996AA701C53C60B00C4432E /* Release */,
			);
			defaultConfigurationIsVisible = 0;
			defaultConfigurationName = Release;
		};
/* End XCConfigurationList section */

/* Begin XCVersionGroup section */
		A996AA471C53C60B00C4432E /* Myo_Gainz.xcdatamodeld */ = {
			isa = XCVersionGroup;
			children = (
				A996AA481C53C60B00C4432E /* Myo_Gainz.xcdatamodel */,
			);
			currentVersion = A996AA481C53C60B00C4432E /* Myo_Gainz.xcdatamodel */;
			path = Myo_Gainz.xcdatamodeld;
			sourceTree = "<group>";
			versionGroupType = wrapper.xcdatamodel;
		};
/* End XCVersionGroup section */
	};
	rootObject = A996AA351C53C60B00C4432E /* Project object */;
}
